// !$*UTF8*$!
{
	archiveVersion = 1;
	classes = {
	};
	objectVersion = 54;
	objects = {

/* Begin PBXBuildFile section */
		A10000012C10000000000001 /* AppDelegate.swift in Sources */ = {isa = PBXBuildFile; fileRef = B10000012C10000000000001 /* AppDelegate.swift */; };
		A10000022C10000000000002 /* SceneDelegate.swift in Sources */ = {isa = PBXBuildFile; fileRef = B10000022C10000000000002 /* SceneDelegate.swift */; };
		A10000032C10000000000003 /* SecureWebViewController.swift in Sources */ = {isa = PBXBuildFile; fileRef = B10000032C10000000000003 /* SecureWebViewController.swift */; };
		A10000042C10000000000004 /* DomainGuard.swift in Sources */ = {isa = PBXBuildFile; fileRef = B10000042C10000000000004 /* DomainGuard.swift */; };
		A10000052C10000000000005 /* WebSecurityScripts.swift in Sources */ = {isa = PBXBuildFile; fileRef = B10000052C10000000000005 /* WebSecurityScripts.swift */; };
		A10000062C10000000000006 /* SecureContainerView.swift in Sources */ = {isa = PBXBuildFile; fileRef = B10000062C10000000000006 /* SecureContainerView.swift */; };
		A10000072C10000000000007 /* ScreenCaptureMonitor.swift in Sources */ = {isa = PBXBuildFile; fileRef = B10000072C10000000000007 /* ScreenCaptureMonitor.swift */; };
		A10000082C10000000000008 /* BiometricAuthManager.swift in Sources */ = {isa = PBXBuildFile; fileRef = B10000082C10000000000008 /* BiometricAuthManager.swift */; };
		A10000092C10000000000009 /* JailbreakDetector.swift in Sources */ = {isa = PBXBuildFile; fileRef = B10000092C10000000000009 /* JailbreakDetector.swift */; };
		A100000A2C1000000000000A /* SandboxedFileManager.swift in Sources */ = {isa = PBXBuildFile; fileRef = B100000A2C1000000000000A /* SandboxedFileManager.swift */; };
		A100000B2C1000000000000B /* SecurePreviewController.swift in Sources */ = {isa = PBXBuildFile; fileRef = B100000B2C1000000000000B /* SecurePreviewController.swift */; };
		A100000C2C1000000000000C /* Assets.xcassets in Resources */ = {isa = PBXBuildFile; fileRef = B100000C2C1000000000000C /* Assets.xcassets */; };
/* End PBXBuildFile section */

/* Begin PBXFileReference section */
		A100000D2C1000000000000D /* SecureWorkspace.app */ = {isa = PBXFileReference; explicitFileType = wrapper.application; includeInIndex = 0; path = SecureWorkspace.app; sourceTree = BUILT_PRODUCTS_DIR; };
		B10000012C10000000000001 /* AppDelegate.swift */ = {isa = PBXFileReference; lastKnownFileType = sourcecode.swift; path = AppDelegate.swift; sourceTree = "<group>"; };
		B10000022C10000000000002 /* SceneDelegate.swift */ = {isa = PBXFileReference; lastKnownFileType = sourcecode.swift; path = SceneDelegate.swift; sourceTree = "<group>"; };
		B10000032C10000000000003 /* SecureWebViewController.swift */ = {isa = PBXFileReference; lastKnownFileType = sourcecode.swift; path = WebContainer/SecureWebViewController.swift; sourceTree = "<group>"; };
		B10000042C10000000000004 /* DomainGuard.swift */ = {isa = PBXFileReference; lastKnownFileType = sourcecode.swift; path = WebContainer/DomainGuard.swift; sourceTree = "<group>"; };
		B10000052C10000000000005 /* WebSecurityScripts.swift */ = {isa = PBXFileReference; lastKnownFileType = sourcecode.swift; path = WebContainer/WebSecurityScripts.swift; sourceTree = "<group>"; };
		B10000062C10000000000006 /* SecureContainerView.swift */ = {isa = PBXFileReference; lastKnownFileType = sourcecode.swift; path = Security/SecureContainerView.swift; sourceTree = "<group>"; };
		B10000072C10000000000007 /* ScreenCaptureMonitor.swift */ = {isa = PBXFileReference; lastKnownFileType = sourcecode.swift; path = Security/ScreenCaptureMonitor.swift; sourceTree = "<group>"; };
		B10000082C10000000000008 /* BiometricAuthManager.swift */ = {isa = PBXFileReference; lastKnownFileType = sourcecode.swift; path = Security/BiometricAuthManager.swift; sourceTree = "<group>"; };
		B10000092C10000000000009 /* JailbreakDetector.swift */ = {isa = PBXFileReference; lastKnownFileType = sourcecode.swift; path = Security/JailbreakDetector.swift; sourceTree = "<group>"; };
		B100000A2C1000000000000A /* SandboxedFileManager.swift */ = {isa = PBXFileReference; lastKnownFileType = sourcecode.swift; path = DocumentViewer/SandboxedFileManager.swift; sourceTree = "<group>"; };
		B100000B2C1000000000000B /* SecurePreviewController.swift */ = {isa = PBXFileReference; lastKnownFileType = sourcecode.swift; path = DocumentViewer/SecurePreviewController.swift; sourceTree = "<group>"; };
		B100000C2C1000000000000C /* Assets.xcassets */ = {isa = PBXFileReference; lastKnownFileType = folder.assetcatalog; path = Assets.xcassets; sourceTree = "<group>"; };
		B100000E2C1000000000000E /* Info.plist */ = {isa = PBXFileReference; lastKnownFileType = text.plist.xml; path = Info.plist; sourceTree = "<group>"; };
/* End PBXFileReference section */

/* Begin PBXFrameworksBuildPhase section */
		C10000012C10000000000001 /* Frameworks */ = {
			isa = PBXFrameworksBuildPhase;
			buildActionMask = 2147483647;
			files = (
			);
			runOnlyForDeploymentPostprocessing = 0;
		};
/* End PBXFrameworksBuildPhase section */

/* Begin PBXGroup section */
		C10000022C10000000000002 = {
			isa = PBXGroup;
			children = (
				C10000032C10000000000003 /* SecureWorkspace */,
				C10000042C10000000000004 /* Products */,
			);
			sourceTree = "<group>";
		};
		C10000032C10000000000003 /* SecureWorkspace */ = {
			isa = PBXGroup;
			children = (
				B10000012C10000000000001 /* AppDelegate.swift */,
				B10000022C10000000000002 /* SceneDelegate.swift */,
				B10000032C10000000000003 /* SecureWebViewController.swift */,
				B10000042C10000000000004 /* DomainGuard.swift */,
				B10000052C10000000000005 /* WebSecurityScripts.swift */,
				B10000062C10000000000006 /* SecureContainerView.swift */,
				B10000072C10000000000007 /* ScreenCaptureMonitor.swift */,
				B10000082C10000000000008 /* BiometricAuthManager.swift */,
				B10000092C10000000000009 /* JailbreakDetector.swift */,
				B100000A2C1000000000000A /* SandboxedFileManager.swift */,
				B100000B2C1000000000000B /* SecurePreviewController.swift */,
				B100000C2C1000000000000C /* Assets.xcassets */,
				B100000E2C1000000000000E /* Info.plist */,
			);
			path = SecureWorkspace;
			sourceTree = "<group>";
		};
		C10000042C10000000000004 /* Products */ = {
			isa = PBXGroup;
			children = (
				A100000D2C1000000000000D /* SecureWorkspace.app */,
			);
			name = Products;
			sourceTree = "<group>";
		};
/* End PBXGroup section */

/* Begin PBXNativeTarget section */
		D10000012C10000000000001 /* SecureWorkspace */ = {
			isa = PBXNativeTarget;
			buildConfigurationList = E10000012C10000000000001 /* Build configuration list for PBXNativeTarget "SecureWorkspace" */;
			buildPhases = (
				E10000022C10000000000002 /* Sources */,
				C10000012C10000000000001 /* Frameworks */,
				E10000032C10000000000003 /* Resources */,
			);
			buildRules = (
			);
			dependencies = (
			);
			name = SecureWorkspace;
			productName = SecureWorkspace;
			productReference = A100000D2C1000000000000D /* SecureWorkspace.app */;
			productType = "com.apple.product-type.application";
		};
/* End PBXNativeTarget section */

/* Begin PBXProject section */
		F10000012C10000000000001 /* Project object */ = {
			isa = PBXProject;
			attributes = {
				BuildIndependentTargetsInParallel = 1;
				LastSwiftUpdateCheck = 1430;
				LastUpgradeCheck = 1430;
				TargetAttributes = {
					D10000012C10000000000001 = {
						CreatedOnToolsVersion = 14.3;
					};
				};
			};
			buildConfigurationList = F10000022C10000000000002 /* Build configuration list for PBXProject "SecureWorkspace" */;
			compatibilityVersion = "Xcode 14.0";
			developmentRegion = en;
			hasScannedForEncodings = 0;
			knownRegions = (
				en,
				Base,
			);
			mainGroup = C10000022C10000000000002;
			productRefGroup = C10000042C10000000000004 /* Products */;
			projectDirPath = "";
			projectRoot = "";
			targets = (
				D10000012C10000000000001 /* SecureWorkspace */,
			);
		};
/* End PBXProject section */

/* Begin PBXResourcesBuildPhase section */
		E10000032C10000000000003 /* Resources */ = {
			isa = PBXResourcesBuildPhase;
			buildActionMask = 2147483647;
			files = (
				A100000C2C1000000000000C /* Assets.xcassets in Resources */,
			);
			runOnlyForDeploymentPostprocessing = 0;
		};
/* End PBXResourcesBuildPhase section */

/* Begin PBXSourcesBuildPhase section */
		E10000022C10000000000002 /* Sources */ = {
			isa = PBXSourcesBuildPhase;
			buildActionMask = 2147483647;
			files = (
				A10000012C10000000000001 /* AppDelegate.swift in Sources */,
				A10000022C10000000000002 /* SceneDelegate.swift in Sources */,
				A10000032C10000000000003 /* SecureWebViewController.swift in Sources */,
				A10000042C10000000000004 /* DomainGuard.swift in Sources */,
				A10000052C10000000000005 /* WebSecurityScripts.swift in Sources */,
				A10000062C10000000000006 /* SecureContainerView.swift in Sources */,
				A10000072C10000000000007 /* ScreenCaptureMonitor.swift in Sources */,
				A10000082C10000000000008 /* BiometricAuthManager.swift in Sources */,
				A10000092C10000000000009 /* JailbreakDetector.swift in Sources */,
				A100000A2C1000000000000A /* SandboxedFileManager.swift in Sources */,
				A100000B2C1000000000000B /* SecurePreviewController.swift in Sources */,
			);
			runOnlyForDeploymentPostprocessing = 0;
		};
/* End PBXSourcesBuildPhase section */

/* Begin XCBuildConfiguration section */
		110000012C10000000000001 /* Debug */ = {
			isa = XCBuildConfiguration;
			buildSettings = {
				ALWAYS_SEARCH_USER_PATHS = NO;
				CLANG_ANALYZER_NONNULL = YES;
				CLANG_CXX_LANGUAGE_STANDARD = "gnu++20";
				CLANG_ENABLE_MODULES = YES;
				CLANG_ENABLE_OBJC_ARC = YES;
				CODE_SIGN_IDENTITY = "-";
				CODE_SIGNING_REQUIRED = NO;
				CODE_SIGNING_ALLOWED = YES;
				COPY_PHASE_STRIP = NO;
				DEBUG_INFORMATION_FORMAT = dwarf;
				ENABLE_STRICT_OBJC_PROTUTILS = YES;
				ENABLE_TESTABILITY = YES;
				GCC_DYNAMIC_NO_PIC = NO;
				GCC_NO_COMMON_BLOCKS = YES;
				GCC_OPTIMIZATION_LEVEL = 0;
				GCC_PREPROCESSOR_DEFINITIONS = (
					"DEBUG=1",
					"$(inherited)",
				);
				INFOPLIST_FILE = SecureWorkspace/Info.plist;
				IPHONEOS_DEPLOYMENT_TARGET = 15.0;
				LD_RUNPATH_SEARCH_PATHS = (
					"$(inherited)",
					"@executable_path/Frameworks",
				);
				PRODUCT_BUNDLE_IDENTIFIER = com.valuenable.SecureWorkspace;
				PRODUCT_NAME = "$(TARGET_NAME)";
				SWIFT_ACTIVE_COMPILATION_CONDITIONS = DEBUG;
				SWIFT_OPTIMIZATION_LEVEL = "-Onone";
				SWIFT_VERSION = 5.0;
				TARGETED_DEVICE_FAMILY = "1,2";
			};
			name = Debug;
		};
		110000022C10000000000002 /* Release */ = {
			isa = XCBuildConfiguration;
			buildSettings = {
				ALWAYS_SEARCH_USER_PATHS = NO;
				CLANG_ANALYZER_NONNULL = YES;
				CLANG_CXX_LANGUAGE_STANDARD = "gnu++20";
				CLANG_ENABLE_MODULES = YES;
				CLANG_ENABLE_OBJC_ARC = YES;
				CODE_SIGN_IDENTITY = "-";
				CODE_SIGNING_REQUIRED = NO;
				CODE_SIGNING_ALLOWED = YES;
				COPY_PHASE_STRIP = YES;
				DEBUG_INFORMATION_FORMAT = "dwarf-with-dsym";
				ENABLE_STRICT_OBJC_PROTUTILS = YES;
				GCC_NO_COMMON_BLOCKS = YES;
				INFOPLIST_FILE = SecureWorkspace/Info.plist;
				IPHONEOS_DEPLOYMENT_TARGET = 15.0;
				LD_RUNPATH_SEARCH_PATHS = (
					"$(inherited)",
					"@executable_path/Frameworks",
				);
				PRODUCT_BUNDLE_IDENTIFIER = com.valuenable.SecureWorkspace;
				PRODUCT_NAME = "$(TARGET_NAME)";
				SWIFT_COMPILATION_MODE = wholemodule;
				SWIFT_OPTIMIZATION_LEVEL = "-O";
				SWIFT_VERSION = 5.0;
				TARGETED_DEVICE_FAMILY = "1,2";
			};
			name = Release;
		};
/* End XCBuildConfiguration section */

/* Begin XCConfigurationList section */
		E10000012C10000000000001 /* Build configuration list for PBXNativeTarget "SecureWorkspace" */ = {
			isa = XCConfigurationList;
			buildConfigurations = (
				110000012C10000000000001 /* Debug */,
				110000022C10000000000002 /* Release */,
			);
			defaultConfigurationIsVisible = 0;
			defaultConfigurationName = Release;
		};
		F10000022C10000000000002 /* Build configuration list for PBXProject "SecureWorkspace" */ = {
			isa = XCConfigurationList;
			buildConfigurations = (
				110000012C10000000000001 /* Debug */,
				110000022C10000000000002 /* Release */,
			);
			defaultConfigurationIsVisible = 0;
			defaultConfigurationName = Release;
		};
/* End XCConfigurationList section */
	};
	rootObject = F10000012C10000000000001 /* Project object */;
}